{
  "name": "readable-digits",
  "version": "1.1.4",
  "lockfileVersion": 3,
  "requires": true,
  "packages": {
    "": {
      "name": "readable-digits",
      "version": "1.1.4",
      "license": "MIT",
      "dependencies": {
        "make-plural": "^7.4.0"
      },
      "devDependencies": {}
    },
    "node_modules/make-plural": {
      "version": "7.4.0",
      "resolved": "https://registry.npmjs.org/make-plural/-/make-plural-7.4.0.tgz",
      "integrity": "sha512-4/gC9KVNTV6pvYg2gFeQYTW3mWaoJt7WZE5vrp1KnQDgW92JtYZnzmZT81oj/dUTqAIu0ufI2x3dkgu3bB1tYg==",
      "license": "Unicode-DFS-2016"
    }
  }
}
