{
  "name": "readable-digits",
  "version": "1.0.8",
  "lockfileVersion": 2,
  "requires": true,
  "packages": {
    "": {
      "name": "readable-digits",
      "version": "1.0.8",
      "license": "MIT",
      "dependencies": {
        "@oleegarch/plural-ru": "^1.0.0",
        "make-plural": "^7.4.0"
      }
    },
    "node_modules/@oleegarch/plural-ru": {
      "version": "1.0.0",
      "resolved": "https://registry.npmjs.org/@oleegarch/plural-ru/-/plural-ru-1.0.0.tgz",
      "integrity": "sha512-MBG9wwdLw5v8hjRXHDvFQYyJOM34gngqXi5rujGZQwb4WF3b1ILUbN67eWnNhj2WS1lcxGrXhMS+MIQRescfKw=="
    },
    "node_modules/make-plural": {
      "version": "7.4.0",
      "resolved": "https://registry.npmjs.org/make-plural/-/make-plural-7.4.0.tgz",
      "integrity": "sha512-4/gC9KVNTV6pvYg2gFeQYTW3mWaoJt7WZE5vrp1KnQDgW92JtYZnzmZT81oj/dUTqAIu0ufI2x3dkgu3bB1tYg=="
    }
  },
  "dependencies": {
    "@oleegarch/plural-ru": {
      "version": "1.0.0",
      "resolved": "https://registry.npmjs.org/@oleegarch/plural-ru/-/plural-ru-1.0.0.tgz",
      "integrity": "sha512-MBG9wwdLw5v8hjRXHDvFQYyJOM34gngqXi5rujGZQwb4WF3b1ILUbN67eWnNhj2WS1lcxGrXhMS+MIQRescfKw=="
    },
    "make-plural": {
      "version": "7.4.0",
      "resolved": "https://registry.npmjs.org/make-plural/-/make-plural-7.4.0.tgz",
      "integrity": "sha512-4/gC9KVNTV6pvYg2gFeQYTW3mWaoJt7WZE5vrp1KnQDgW92JtYZnzmZT81oj/dUTqAIu0ufI2x3dkgu3bB1tYg=="
    }
  }
}
